[{<<"goldrush">>,
  {git,"git://github.com/DeadZen/goldrush.git",
       {ref,"71e63212f12c25827e0c1b4198d37d5d018a7fec"}},
  1},
 {<<"pooler">>,
  {git,"https://github.com/seth/pooler.git",
       {ref,"6a12e4419c8fe504c77cd6393bcc11cb8993aa24"}},
  0},
 {<<"mdns_client">>,
  {git,"https://github.com/Licenser/erlang-mdns-client.git",
       {ref,"b33c9621234d690b74c9694acc66f1ddb6a77d65"}},
  0},
 {<<"lager">>,
  {git,"git://github.com/basho/lager",
       {ref,"d33ccf3b69de09a628fe38b4d7981bb8671b8a4f"}},
  0}].
